
Microsoft Visual Studio Solution File, Format Version 12.00
# Visual Studio 15
VisualStudioVersion = 15.0.28307.421
MinimumVisualStudioVersion = 10.0.40219.1
Project("{FAE04EC0-301F-11D3-BF4B-00C04F79EFBC}") = "DevTask6", "DevTask6\DevTask6.csproj", "{05EA716F-A421-4CAB-87F0-A61F0EAED1C7}"
EndProject
Global
	GlobalSection(SolutionConfigurationPlatforms) = preSolution
		Debug|Any CPU = Debug|Any CPU
		Release|Any CPU = Release|Any CPU
	EndGlobalSection
	GlobalSection(ProjectConfigurationPlatforms) = postSolution
		{05EA716F-A421-4CAB-87F0-A61F0EAED1C7}.Debug|Any CPU.ActiveCfg = Debug|Any CPU
		{05EA716F-A421-4CAB-87F0-A61F0EAED1C7}.Debug|Any CPU.Build.0 = Debug|Any CPU
		{05EA716F-A421-4CAB-87F0-A61F0EAED1C7}.Release|Any CPU.ActiveCfg = Release|Any CPU
		{05EA716F-A421-4CAB-87F0-A61F0EAED1C7}.Release|Any CPU.Build.0 = Release|Any CPU
	EndGlobalSection
	GlobalSection(SolutionProperties) = preSolution
		HideSolutionNode = FALSE
	EndGlobalSection
	GlobalSection(ExtensibilityGlobals) = postSolution
		SolutionGuid = {2D06A8E1-FC04-425B-8952-06AA3F619CB0}
	EndGlobalSection
EndGlobal
