
Microsoft Visual Studio Solution File, Format Version 12.00
# Visual Studio 15
VisualStudioVersion = 15.0.28307.421
MinimumVisualStudioVersion = 10.0.40219.1
Project("{FAE04EC0-301F-11D3-BF4B-00C04F79EFBC}") = "DevTask4", "DevTask4\DevTask4.csproj", "{F5FFCC03-1CDB-42DE-8B0F-D80729C497C8}"
EndProject
Global
	GlobalSection(SolutionConfigurationPlatforms) = preSolution
		Debug|Any CPU = Debug|Any CPU
		Release|Any CPU = Release|Any CPU
	EndGlobalSection
	GlobalSection(ProjectConfigurationPlatforms) = postSolution
		{F5FFCC03-1CDB-42DE-8B0F-D80729C497C8}.Debug|Any CPU.ActiveCfg = Debug|Any CPU
		{F5FFCC03-1CDB-42DE-8B0F-D80729C497C8}.Debug|Any CPU.Build.0 = Debug|Any CPU
		{F5FFCC03-1CDB-42DE-8B0F-D80729C497C8}.Release|Any CPU.ActiveCfg = Release|Any CPU
		{F5FFCC03-1CDB-42DE-8B0F-D80729C497C8}.Release|Any CPU.Build.0 = Release|Any CPU
	EndGlobalSection
	GlobalSection(SolutionProperties) = preSolution
		HideSolutionNode = FALSE
	EndGlobalSection
	GlobalSection(ExtensibilityGlobals) = postSolution
		SolutionGuid = {6D80AAA9-B7BB-418B-BB37-B141B4FD0D94}
	EndGlobalSection
EndGlobal
